// !$*UTF8*$!
{
	archiveVersion = 1;
	classes = {
	};
	objectVersion = 56;
	objects = {

/* Begin PBXBuildFile section */
		CE689F2C290A417000A537E9 /* ReactionsViewApp.swift in Sources */ = {isa = PBXBuildFile; fileRef = CE689F2B290A417000A537E9 /* ReactionsViewApp.swift */; };
		CE689F2E290A417000A537E9 /* ContentView.swift in Sources */ = {isa = PBXBuildFile; fileRef = CE689F2D290A417000A537E9 /* ContentView.swift */; };
		CE689F30290A417000A537E9 /* Assets.xcassets in Resources */ = {isa = PBXBuildFile; fileRef = CE689F2F290A417000A537E9 /* Assets.xcassets */; };
		CE689F33290A417000A537E9 /* Preview Assets.xcassets in Resources */ = {isa = PBXBuildFile; fileRef = CE689F32290A417000A537E9 /* Preview Assets.xcassets */; };
		CE689F3D290A417100A537E9 /* ReactionsViewTests.swift in Sources */ = {isa = PBXBuildFile; fileRef = CE689F3C290A417100A537E9 /* ReactionsViewTests.swift */; };
		CE689F47290A417100A537E9 /* ReactionsViewUITests.swift in Sources */ = {isa = PBXBuildFile; fileRef = CE689F46290A417100A537E9 /* ReactionsViewUITests.swift */; };
		CE689F49290A417100A537E9 /* ReactionsViewUITestsLaunchTests.swift in Sources */ = {isa = PBXBuildFile; fileRef = CE689F48290A417100A537E9 /* ReactionsViewUITestsLaunchTests.swift */; };
/* End PBXBuildFile section */

/* Begin PBXContainerItemProxy section */
		CE689F39290A417100A537E9 /* PBXContainerItemProxy */ = {
			isa = PBXContainerItemProxy;
			containerPortal = CE689F20290A417000A537E9 /* Project object */;
			proxyType = 1;
			remoteGlobalIDString = CE689F27290A417000A537E9;
			remoteInfo = ReactionsView;
		};
		CE689F43290A417100A537E9 /* PBXContainerItemProxy */ = {
			isa = PBXContainerItemProxy;
			containerPortal = CE689F20290A417000A537E9 /* Project object */;
			proxyType = 1;
			remoteGlobalIDString = CE689F27290A417000A537E9;
			remoteInfo = ReactionsView;
		};
/* End PBXContainerItemProxy section */

/* Begin PBXFileReference section */
		CE689F28290A417000A537E9 /* ReactionsView.app */ = {isa = PBXFileReference; explicitFileType = wrapper.application; includeInIndex = 0; path = ReactionsView.app; sourceTree = BUILT_PRODUCTS_DIR; };
		CE689F2B290A417000A537E9 /* ReactionsViewApp.swift */ = {isa = PBXFileReference; lastKnownFileType = sourcecode.swift; path = ReactionsViewApp.swift; sourceTree = "<group>"; };
		CE689F2D290A417000A537E9 /* ContentView.swift */ = {isa = PBXFileReference; lastKnownFileType = sourcecode.swift; path = ContentView.swift; sourceTree = "<group>"; };
		CE689F2F290A417000A537E9 /* Assets.xcassets */ = {isa = PBXFileReference; lastKnownFileType = folder.assetcatalog; path = Assets.xcassets; sourceTree = "<group>"; };
		CE689F32290A417000A537E9 /* Preview Assets.xcassets */ = {isa = PBXFileReference; lastKnownFileType = folder.assetcatalog; path = "Preview Assets.xcassets"; sourceTree = "<group>"; };
		CE689F38290A417100A537E9 /* ReactionsViewTests.xctest */ = {isa = PBXFileReference; explicitFileType = wrapper.cfbundle; includeInIndex = 0; path = ReactionsViewTests.xctest; sourceTree = BUILT_PRODUCTS_DIR; };
		CE689F3C290A417100A537E9 /* ReactionsViewTests.swift */ = {isa = PBXFileReference; lastKnownFileType = sourcecode.swift; path = ReactionsViewTests.swift; sourceTree = "<group>"; };
		CE689F42290A417100A537E9 /* ReactionsViewUITests.xctest */ = {isa = PBXFileReference; explicitFileType = wrapper.cfbundle; includeInIndex = 0; path = ReactionsViewUITests.xctest; sourceTree = BUILT_PRODUCTS_DIR; };
		CE689F46290A417100A537E9 /* ReactionsViewUITests.swift */ = {isa = PBXFileReference; lastKnownFileType = sourcecode.swift; path = ReactionsViewUITests.swift; sourceTree = "<group>"; };
		CE689F48290A417100A537E9 /* ReactionsViewUITestsLaunchTests.swift */ = {isa = PBXFileReference; lastKnownFileType = sourcecode.swift; path = ReactionsViewUITestsLaunchTests.swift; sourceTree = "<group>"; };
/* End PBXFileReference section */

/* Begin PBXFrameworksBuildPhase section */
		CE689F25290A417000A537E9 /* Frameworks */ = {
			isa = PBXFrameworksBuildPhase;
			buildActionMask = 2147483647;
			files = (
			);
			runOnlyForDeploymentPostprocessing = 0;
		};
		CE689F35290A417100A537E9 /* Frameworks */ = {
			isa = PBXFrameworksBuildPhase;
			buildActionMask = 2147483647;
			files = (
			);
			runOnlyForDeploymentPostprocessing = 0;
		};
		CE689F3F290A417100A537E9 /* Frameworks */ = {
			isa = PBXFrameworksBuildPhase;
			buildActionMask = 2147483647;
			files = (
			);
			runOnlyForDeploymentPostprocessing = 0;
		};
/* End PBXFrameworksBuildPhase section */

/* Begin PBXGroup section */
		CE689F1F290A417000A537E9 = {
			isa = PBXGroup;
			children = (
				CE689F2A290A417000A537E9 /* ReactionsView */,
				CE689F3B290A417100A537E9 /* ReactionsViewTests */,
				CE689F45290A417100A537E9 /* ReactionsViewUITests */,
				CE689F29290A417000A537E9 /* Products */,
			);
			sourceTree = "<group>";
		};
		CE689F29290A417000A537E9 /* Products */ = {
			isa = PBXGroup;
			children = (
				CE689F28290A417000A537E9 /* ReactionsView.app */,
				CE689F38290A417100A537E9 /* ReactionsViewTests.xctest */,
				CE689F42290A417100A537E9 /* ReactionsViewUITests.xctest */,
			);
			name = Products;
			sourceTree = "<group>";
		};
		CE689F2A290A417000A537E9 /* ReactionsView */ = {
			isa = PBXGroup;
			children = (
				CE689F2B290A417000A537E9 /* ReactionsViewApp.swift */,
				CE689F2D290A417000A537E9 /* ContentView.swift */,
				CE689F2F290A417000A537E9 /* Assets.xcassets */,
				CE689F31290A417000A537E9 /* Preview Content */,
			);
			path = ReactionsView;
			sourceTree = "<group>";
		};
		CE689F31290A417000A537E9 /* Preview Content */ = {
			isa = PBXGroup;
			children = (
				CE689F32290A417000A537E9 /* Preview Assets.xcassets */,
			);
			path = "Preview Content";
			sourceTree = "<group>";
		};
		CE689F3B290A417100A537E9 /* ReactionsViewTests */ = {
			isa = PBXGroup;
			children = (
				CE689F3C290A417100A537E9 /* ReactionsViewTests.swift */,
			);
			path = ReactionsViewTests;
			sourceTree = "<group>";
		};
		CE689F45290A417100A537E9 /* ReactionsViewUITests */ = {
			isa = PBXGroup;
			children = (
				CE689F46290A417100A537E9 /* ReactionsViewUITests.swift */,
				CE689F48290A417100A537E9 /* ReactionsViewUITestsLaunchTests.swift */,
			);
			path = ReactionsViewUITests;
			sourceTree = "<group>";
		};
/* End PBXGroup section */

/* Begin PBXNativeTarget section */
		CE689F27290A417000A537E9 /* ReactionsView */ = {
			isa = PBXNativeTarget;
			buildConfigurationList = CE689F4C290A417100A537E9 /* Build configuration list for PBXNativeTarget "ReactionsView" */;
			buildPhases = (
				CE689F24290A417000A537E9 /* Sources */,
				CE689F25290A417000A537E9 /* Frameworks */,
				CE689F26290A417000A537E9 /* Resources */,
			);
			buildRules = (
			);
			dependencies = (
			);
			name = ReactionsView;
			productName = ReactionsView;
			productReference = CE689F28290A417000A537E9 /* ReactionsView.app */;
			productType = "com.apple.product-type.application";
		};
		CE689F37290A417100A537E9 /* ReactionsViewTests */ = {
			isa = PBXNativeTarget;
			buildConfigurationList = CE689F4F290A417100A537E9 /* Build configuration list for PBXNativeTarget "ReactionsViewTests" */;
			buildPhases = (
				CE689F34290A417100A537E9 /* Sources */,
				CE689F35290A417100A537E9 /* Frameworks */,
				CE689F36290A417100A537E9 /* Resources */,
			);
			buildRules = (
			);
			dependencies = (
				CE689F3A290A417100A537E9 /* PBXTargetDependency */,
			);
			name = ReactionsViewTests;
			productName = ReactionsViewTests;
			productReference = CE689F38290A417100A537E9 /* ReactionsViewTests.xctest */;
			productType = "com.apple.product-type.bundle.unit-test";
		};
		CE689F41290A417100A537E9 /* ReactionsViewUITests */ = {
			isa = PBXNativeTarget;
			buildConfigurationList = CE689F52290A417100A537E9 /* Build configuration list for PBXNativeTarget "ReactionsViewUITests" */;
			buildPhases = (
				CE689F3E290A417100A537E9 /* Sources */,
				CE689F3F290A417100A537E9 /* Frameworks */,
				CE689F40290A417100A537E9 /* Resources */,
			);
			buildRules = (
			);
			dependencies = (
				CE689F44290A417100A537E9 /* PBXTargetDependency */,
			);
			name = ReactionsViewUITests;
			productName = ReactionsViewUITests;
			productReference = CE689F42290A417100A537E9 /* ReactionsViewUITests.xctest */;
			productType = "com.apple.product-type.bundle.ui-testing";
		};
/* End PBXNativeTarget section */

/* Begin PBXProject section */
		CE689F20290A417000A537E9 /* Project object */ = {
			isa = PBXProject;
			attributes = {
				BuildIndependentTargetsInParallel = 1;
				LastSwiftUpdateCheck = 1400;
				LastUpgradeCheck = 1400;
				TargetAttributes = {
					CE689F27290A417000A537E9 = {
						CreatedOnToolsVersion = 14.0.1;
					};
					CE689F37290A417100A537E9 = {
						CreatedOnToolsVersion = 14.0.1;
						TestTargetID = CE689F27290A417000A537E9;
					};
					CE689F41290A417100A537E9 = {
						CreatedOnToolsVersion = 14.0.1;
						TestTargetID = CE689F27290A417000A537E9;
					};
				};
			};
			buildConfigurationList = CE689F23290A417000A537E9 /* Build configuration list for PBXProject "ReactionsView" */;
			compatibilityVersion = "Xcode 14.0";
			developmentRegion = en;
			hasScannedForEncodings = 0;
			knownRegions = (
				en,
				Base,
			);
			mainGroup = CE689F1F290A417000A537E9;
			productRefGroup = CE689F29290A417000A537E9 /* Products */;
			projectDirPath = "";
			projectRoot = "";
			targets = (
				CE689F27290A417000A537E9 /* ReactionsView */,
				CE689F37290A417100A537E9 /* ReactionsViewTests */,
				CE689F41290A417100A537E9 /* ReactionsViewUITests */,
			);
		};
/* End PBXProject section */

/* Begin PBXResourcesBuildPhase section */
		CE689F26290A417000A537E9 /* Resources */ = {
			isa = PBXResourcesBuildPhase;
			buildActionMask = 2147483647;
			files = (
				CE689F33290A417000A537E9 /* Preview Assets.xcassets in Resources */,
				CE689F30290A417000A537E9 /* Assets.xcassets in Resources */,
			);
			runOnlyForDeploymentPostprocessing = 0;
		};
		CE689F36290A417100A537E9 /* Resources */ = {
			isa = PBXResourcesBuildPhase;
			buildActionMask = 2147483647;
			files = (
			);
			runOnlyForDeploymentPostprocessing = 0;
		};
		CE689F40290A417100A537E9 /* Resources */ = {
			isa = PBXResourcesBuildPhase;
			buildActionMask = 2147483647;
			files = (
			);
			runOnlyForDeploymentPostprocessing = 0;
		};
/* End PBXResourcesBuildPhase section */

/* Begin PBXSourcesBuildPhase section */
		CE689F24290A417000A537E9 /* Sources */ = {
			isa = PBXSourcesBuildPhase;
			buildActionMask = 2147483647;
			files = (
				CE689F2E290A417000A537E9 /* ContentView.swift in Sources */,
				CE689F2C290A417000A537E9 /* ReactionsViewApp.swift in Sources */,
			);
			runOnlyForDeploymentPostprocessing = 0;
		};
		CE689F34290A417100A537E9 /* Sources */ = {
			isa = PBXSourcesBuildPhase;
			buildActionMask = 2147483647;
			files = (
				CE689F3D290A417100A537E9 /* ReactionsViewTests.swift in Sources */,
			);
			runOnlyForDeploymentPostprocessing = 0;
		};
		CE689F3E290A417100A537E9 /* Sources */ = {
			isa = PBXSourcesBuildPhase;
			buildActionMask = 2147483647;
			files = (
				CE689F49290A417100A537E9 /* ReactionsViewUITestsLaunchTests.swift in Sources */,
				CE689F47290A417100A537E9 /* ReactionsViewUITests.swift in Sources */,
			);
			runOnlyForDeploymentPostprocessing = 0;
		};
/* End PBXSourcesBuildPhase section */

/* Begin PBXTargetDependency section */
		CE689F3A290A417100A537E9 /* PBXTargetDependency */ = {
			isa = PBXTargetDependency;
			target = CE689F27290A417000A537E9 /* ReactionsView */;
			targetProxy = CE689F39290A417100A537E9 /* PBXContainerItemProxy */;
		};
		CE689F44290A417100A537E9 /* PBXTargetDependency */ = {
			isa = PBXTargetDependency;
			target = CE689F27290A417000A537E9 /* ReactionsView */;
			targetProxy = CE689F43290A417100A537E9 /* PBXContainerItemProxy */;
		};
/* End PBXTargetDependency section */

/* Begin XCBuildConfiguration section */
		CE689F4A290A417100A537E9 /* Debug */ = {
			isa = XCBuildConfiguration;
			buildSettings = {
				ALWAYS_SEARCH_USER_PATHS = NO;
				CLANG_ANALYZER_NONNULL = YES;
				CLANG_ANALYZER_NUMBER_OBJECT_CONVERSION = YES_AGGRESSIVE;
				CLANG_CXX_LANGUAGE_STANDARD = "gnu++20";
				CLANG_ENABLE_MODULES = YES;
				CLANG_ENABLE_OBJC_ARC = YES;
				CLANG_ENABLE_OBJC_WEAK = YES;
				CLANG_WARN_BLOCK_CAPTURE_AUTORELEASING = YES;
				CLANG_WARN_BOOL_CONVERSION = YES;
				CLANG_WARN_COMMA = YES;
				CLANG_WARN_CONSTANT_CONVERSION = YES;
				CLANG_WARN_DEPRECATED_OBJC_IMPLEMENTATIONS = YES;
				CLANG_WARN_DIRECT_OBJC_ISA_USAGE = YES_ERROR;
				CLANG_WARN_DOCUMENTATION_COMMENTS = YES;
				CLANG_WARN_EMPTY_BODY = YES;
				CLANG_WARN_ENUM_CONVERSION = YES;
				CLANG_WARN_INFINITE_RECURSION = YES;
				CLANG_WARN_INT_CONVERSION = YES;
				CLANG_WARN_NON_LITERAL_NULL_CONVERSION = YES;
				CLANG_WARN_OBJC_IMPLICIT_RETAIN_SELF = YES;
				CLANG_WARN_OBJC_LITERAL_CONVERSION = YES;
				CLANG_WARN_OBJC_ROOT_CLASS = YES_ERROR;
				CLANG_WARN_QUOTED_INCLUDE_IN_FRAMEWORK_HEADER = YES;
				CLANG_WARN_RANGE_LOOP_ANALYSIS = YES;
				CLANG_WARN_STRICT_PROTOTYPES = YES;
				CLANG_WARN_SUSPICIOUS_MOVE = YES;
				CLANG_WARN_UNGUARDED_AVAILABILITY = YES_AGGRESSIVE;
				CLANG_WARN_UNREACHABLE_CODE = YES;
				CLANG_WARN__DUPLICATE_METHOD_MATCH = YES;
				COPY_PHASE_STRIP = NO;
				DEBUG_INFORMATION_FORMAT = dwarf;
				ENABLE_STRICT_OBJC_MSGSEND = YES;
				ENABLE_TESTABILITY = YES;
				GCC_C_LANGUAGE_STANDARD = gnu11;
				GCC_DYNAMIC_NO_PIC = NO;
				GCC_NO_COMMON_BLOCKS = YES;
				GCC_OPTIMIZATION_LEVEL = 0;
				GCC_PREPROCESSOR_DEFINITIONS = (
					"DEBUG=1",
					"$(inherited)",
				);
				GCC_WARN_64_TO_32_BIT_CONVERSION = YES;
				GCC_WARN_ABOUT_RETURN_TYPE = YES_ERROR;
				GCC_WARN_UNDECLARED_SELECTOR = YES;
				GCC_WARN_UNINITIALIZED_AUTOS = YES_AGGRESSIVE;
				GCC_WARN_UNUSED_FUNCTION = YES;
				GCC_WARN_UNUSED_VARIABLE = YES;
				IPHONEOS_DEPLOYMENT_TARGET = 16.0;
				MTL_ENABLE_DEBUG_INFO = INCLUDE_SOURCE;
				MTL_FAST_MATH = YES;
				ONLY_ACTIVE_ARCH = YES;
				SDKROOT = iphoneos;
				SWIFT_ACTIVE_COMPILATION_CONDITIONS = DEBUG;
				SWIFT_OPTIMIZATION_LEVEL = "-Onone";
			};
			name = Debug;
		};
		CE689F4B290A417100A537E9 /* Release */ = {
			isa = XCBuildConfiguration;
			buildSettings = {
				ALWAYS_SEARCH_USER_PATHS = NO;
				CLANG_ANALYZER_NONNULL = YES;
				CLANG_ANALYZER_NUMBER_OBJECT_CONVERSION = YES_AGGRESSIVE;
				CLANG_CXX_LANGUAGE_STANDARD = "gnu++20";
				CLANG_ENABLE_MODULES = YES;
				CLANG_ENABLE_OBJC_ARC = YES;
				CLANG_ENABLE_OBJC_WEAK = YES;
				CLANG_WARN_BLOCK_CAPTURE_AUTORELEASING = YES;
				CLANG_WARN_BOOL_CONVERSION = YES;
				CLANG_WARN_COMMA = YES;
				CLANG_WARN_CONSTANT_CONVERSION = YES;
				CLANG_WARN_DEPRECATED_OBJC_IMPLEMENTATIONS = YES;
				CLANG_WARN_DIRECT_OBJC_ISA_USAGE = YES_ERROR;
				CLANG_WARN_DOCUMENTATION_COMMENTS = YES;
				CLANG_WARN_EMPTY_BODY = YES;
				CLANG_WARN_ENUM_CONVERSION = YES;
				CLANG_WARN_INFINITE_RECURSION = YES;
				CLANG_WARN_INT_CONVERSION = YES;
				CLANG_WARN_NON_LITERAL_NULL_CONVERSION = YES;
				CLANG_WARN_OBJC_IMPLICIT_RETAIN_SELF = YES;
				CLANG_WARN_OBJC_LITERAL_CONVERSION = YES;
				CLANG_WARN_OBJC_ROOT_CLASS = YES_ERROR;
				CLANG_WARN_QUOTED_INCLUDE_IN_FRAMEWORK_HEADER = YES;
				CLANG_WARN_RANGE_LOOP_ANALYSIS = YES;
				CLANG_WARN_STRICT_PROTOTYPES = YES;
				CLANG_WARN_SUSPICIOUS_MOVE = YES;
				CLANG_WARN_UNGUARDED_AVAILABILITY = YES_AGGRESSIVE;
				CLANG_WARN_UNREACHABLE_CODE = YES;
				CLANG_WARN__DUPLICATE_METHOD_MATCH = YES;
				COPY_PHASE_STRIP = NO;
				DEBUG_INFORMATION_FORMAT = "dwarf-with-dsym";
				ENABLE_NS_ASSERTIONS = NO;
				ENABLE_STRICT_OBJC_MSGSEND = YES;
				GCC_C_LANGUAGE_STANDARD = gnu11;
				GCC_NO_COMMON_BLOCKS = YES;
				GCC_WARN_64_TO_32_BIT_CONVERSION = YES;
				GCC_WARN_ABOUT_RETURN_TYPE = YES_ERROR;
				GCC_WARN_UNDECLARED_SELECTOR = YES;
				GCC_WARN_UNINITIALIZED_AUTOS = YES_AGGRESSIVE;
				GCC_WARN_UNUSED_FUNCTION = YES;
				GCC_WARN_UNUSED_VARIABLE = YES;
				IPHONEOS_DEPLOYMENT_TARGET = 16.0;
				MTL_ENABLE_DEBUG_INFO = NO;
				MTL_FAST_MATH = YES;
				SDKROOT = iphoneos;
				SWIFT_COMPILATION_MODE = wholemodule;
				SWIFT_OPTIMIZATION_LEVEL = "-O";
				VALIDATE_PRODUCT = YES;
			};
			name = Release;
		};
		CE689F4D290A417100A537E9 /* Debug */ = {
			isa = XCBuildConfiguration;
			buildSettings = {
				ASSETCATALOG_COMPILER_APPICON_NAME = AppIcon;
				ASSETCATALOG_COMPILER_GLOBAL_ACCENT_COLOR_NAME = AccentColor;
				CODE_SIGN_STYLE = Automatic;
				CURRENT_PROJECT_VERSION = 1;
				DEVELOPMENT_ASSET_PATHS = "\"ReactionsView/Preview Content\"";
				DEVELOPMENT_TEAM = 447HA2827L;
				ENABLE_PREVIEWS = YES;
				GENERATE_INFOPLIST_FILE = YES;
				INFOPLIST_KEY_UIApplicationSceneManifest_Generation = YES;
				INFOPLIST_KEY_UIApplicationSupportsIndirectInputEvents = YES;
				INFOPLIST_KEY_UILaunchScreen_Generation = YES;
				INFOPLIST_KEY_UISupportedInterfaceOrientations_iPad = "UIInterfaceOrientationPortrait UIInterfaceOrientationPortraitUpsideDown UIInterfaceOrientationLandscapeLeft UIInterfaceOrientationLandscapeRight";
				INFOPLIST_KEY_UISupportedInterfaceOrientations_iPhone = "UIInterfaceOrientationPortrait UIInterfaceOrientationLandscapeLeft UIInterfaceOrientationLandscapeRight";
				LD_RUNPATH_SEARCH_PATHS = (
					"$(inherited)",
					"@executable_path/Frameworks",
				);
				MARKETING_VERSION = 1.0;
				PRODUCT_BUNDLE_IDENTIFIER = com.demo.pro.ReactionsView;
				PRODUCT_NAME = "$(TARGET_NAME)";
				SWIFT_EMIT_LOC_STRINGS = YES;
				SWIFT_VERSION = 5.0;
				TARGETED_DEVICE_FAMILY = "1,2";
			};
			name = Debug;
		};
		CE689F4E290A417100A537E9 /* Release */ = {
			isa = XCBuildConfiguration;
			buildSettings = {
				ASSETCATALOG_COMPILER_APPICON_NAME = AppIcon;
				ASSETCATALOG_COMPILER_GLOBAL_ACCENT_COLOR_NAME = AccentColor;
				CODE_SIGN_STYLE = Automatic;
				CURRENT_PROJECT_VERSION = 1;
				DEVELOPMENT_ASSET_PATHS = "\"ReactionsView/Preview Content\"";
				DEVELOPMENT_TEAM = 447HA2827L;
				ENABLE_PREVIEWS = YES;
				GENERATE_INFOPLIST_FILE = YES;
				INFOPLIST_KEY_UIApplicationSceneManifest_Generation = YES;
				INFOPLIST_KEY_UIApplicationSupportsIndirectInputEvents = YES;
				INFOPLIST_KEY_UILaunchScreen_Generation = YES;
				INFOPLIST_KEY_UISupportedInterfaceOrientations_iPad = "UIInterfaceOrientationPortrait UIInterfaceOrientationPortraitUpsideDown UIInterfaceOrientationLandscapeLeft UIInterfaceOrientationLandscapeRight";
				INFOPLIST_KEY_UISupportedInterfaceOrientations_iPhone = "UIInterfaceOrientationPortrait UIInterfaceOrientationLandscapeLeft UIInterfaceOrientationLandscapeRight";
				LD_RUNPATH_SEARCH_PATHS = (
					"$(inherited)",
					"@executable_path/Frameworks",
				);
				MARKETING_VERSION = 1.0;
				PRODUCT_BUNDLE_IDENTIFIER = com.demo.pro.ReactionsView;
				PRODUCT_NAME = "$(TARGET_NAME)";
				SWIFT_EMIT_LOC_STRINGS = YES;
				SWIFT_VERSION = 5.0;
				TARGETED_DEVICE_FAMILY = "1,2";
			};
			name = Release;
		};
		CE689F50290A417100A537E9 /* Debug */ = {
			isa = XCBuildConfiguration;
			buildSettings = {
				ALWAYS_EMBED_SWIFT_STANDARD_LIBRARIES = YES;
				BUNDLE_LOADER = "$(TEST_HOST)";
				CODE_SIGN_STYLE = Automatic;
				CURRENT_PROJECT_VERSION = 1;
				DEVELOPMENT_TEAM = 447HA2827L;
				GENERATE_INFOPLIST_FILE = YES;
				IPHONEOS_DEPLOYMENT_TARGET = 16.0;
				MARKETING_VERSION = 1.0;
				PRODUCT_BUNDLE_IDENTIFIER = com.demo.pro.ReactionsViewTests;
				PRODUCT_NAME = "$(TARGET_NAME)";
				SWIFT_EMIT_LOC_STRINGS = NO;
				SWIFT_VERSION = 5.0;
				TARGETED_DEVICE_FAMILY = "1,2";
				TEST_HOST = "$(BUILT_PRODUCTS_DIR)/ReactionsView.app/$(BUNDLE_EXECUTABLE_FOLDER_PATH)/ReactionsView";
			};
			name = Debug;
		};
		CE689F51290A417100A537E9 /* Release */ = {
			isa = XCBuildConfiguration;
			buildSettings = {
				ALWAYS_EMBED_SWIFT_STANDARD_LIBRARIES = YES;
				BUNDLE_LOADER = "$(TEST_HOST)";
				CODE_SIGN_STYLE = Automatic;
				CURRENT_PROJECT_VERSION = 1;
				DEVELOPMENT_TEAM = 447HA2827L;
				GENERATE_INFOPLIST_FILE = YES;
				IPHONEOS_DEPLOYMENT_TARGET = 16.0;
				MARKETING_VERSION = 1.0;
				PRODUCT_BUNDLE_IDENTIFIER = com.demo.pro.ReactionsViewTests;
				PRODUCT_NAME = "$(TARGET_NAME)";
				SWIFT_EMIT_LOC_STRINGS = NO;
				SWIFT_VERSION = 5.0;
				TARGETED_DEVICE_FAMILY = "1,2";
				TEST_HOST = "$(BUILT_PRODUCTS_DIR)/ReactionsView.app/$(BUNDLE_EXECUTABLE_FOLDER_PATH)/ReactionsView";
			};
			name = Release;
		};
		CE689F53290A417100A537E9 /* Debug */ = {
			isa = XCBuildConfiguration;
			buildSettings = {
				ALWAYS_EMBED_SWIFT_STANDARD_LIBRARIES = YES;
				CODE_SIGN_STYLE = Automatic;
				CURRENT_PROJECT_VERSION = 1;
				DEVELOPMENT_TEAM = 447HA2827L;
				GENERATE_INFOPLIST_FILE = YES;
				MARKETING_VERSION = 1.0;
				PRODUCT_BUNDLE_IDENTIFIER = com.demo.pro.ReactionsViewUITests;
				PRODUCT_NAME = "$(TARGET_NAME)";
				SWIFT_EMIT_LOC_STRINGS = NO;
				SWIFT_VERSION = 5.0;
				TARGETED_DEVICE_FAMILY = "1,2";
				TEST_TARGET_NAME = ReactionsView;
			};
			name = Debug;
		};
		CE689F54290A417100A537E9 /* Release */ = {
			isa = XCBuildConfiguration;
			buildSettings = {
				ALWAYS_EMBED_SWIFT_STANDARD_LIBRARIES = YES;
				CODE_SIGN_STYLE = Automatic;
				CURRENT_PROJECT_VERSION = 1;
				DEVELOPMENT_TEAM = 447HA2827L;
				GENERATE_INFOPLIST_FILE = YES;
				MARKETING_VERSION = 1.0;
				PRODUCT_BUNDLE_IDENTIFIER = com.demo.pro.ReactionsViewUITests;
				PRODUCT_NAME = "$(TARGET_NAME)";
				SWIFT_EMIT_LOC_STRINGS = NO;
				SWIFT_VERSION = 5.0;
				TARGETED_DEVICE_FAMILY = "1,2";
				TEST_TARGET_NAME = ReactionsView;
			};
			name = Release;
		};
/* End XCBuildConfiguration section */

/* Begin XCConfigurationList section */
		CE689F23290A417000A537E9 /* Build configuration list for PBXProject "ReactionsView" */ = {
			isa = XCConfigurationList;
			buildConfigurations = (
				CE689F4A290A417100A537E9 /* Debug */,
				CE689F4B290A417100A537E9 /* Release */,
			);
			defaultConfigurationIsVisible = 0;
			defaultConfigurationName = Release;
		};
		CE689F4C290A417100A537E9 /* Build configuration list for PBXNativeTarget "ReactionsView" */ = {
			isa = XCConfigurationList;
			buildConfigurations = (
				CE689F4D290A417100A537E9 /* Debug */,
				CE689F4E290A417100A537E9 /* Release */,
			);
			defaultConfigurationIsVisible = 0;
			defaultConfigurationName = Release;
		};
		CE689F4F290A417100A537E9 /* Build configuration list for PBXNativeTarget "ReactionsViewTests" */ = {
			isa = XCConfigurationList;
			buildConfigurations = (
				CE689F50290A417100A537E9 /* Debug */,
				CE689F51290A417100A537E9 /* Release */,
			);
			defaultConfigurationIsVisible = 0;
			defaultConfigurationName = Release;
		};
		CE689F52290A417100A537E9 /* Build configuration list for PBXNativeTarget "ReactionsViewUITests" */ = {
			isa = XCConfigurationList;
			buildConfigurations = (
				CE689F53290A417100A537E9 /* Debug */,
				CE689F54290A417100A537E9 /* Release */,
			);
			defaultConfigurationIsVisible = 0;
			defaultConfigurationName = Release;
		};
/* End XCConfigurationList section */
	};
	rootObject = CE689F20290A417000A537E9 /* Project object */;
}
